<Project xmlns="http://schemas.microsoft.com/developer/msbuild/2003">
	<PropertyGroup>
		<ProjectGuid>{ea9ec1ce-8ace-4bc6-9d70-dfee1626f110}</ProjectGuid>
		<MainSource>mydac160.dpk</MainSource>
		<Configuration Condition=" '$(Configuration)' == '' ">Debug</Configuration>
		<DCC_DCCCompiler>DCC32</DCC_DCCCompiler>
		<DCC_DependencyCheckOutputName>mydac160.bpl</DCC_DependencyCheckOutputName>
		<ProjectVersion>13.4</ProjectVersion>
		<Config Condition="'$(Config)'==''">Debug</Config>
		<Base>True</Base>
		<AppType>Package</AppType>
		<FrameworkType>None</FrameworkType>
		<Platform Condition="'$(Platform)'==''">Win32</Platform>
		<TargetedPlatforms>7</TargetedPlatforms>
	</PropertyGroup>
	<PropertyGroup Condition="'$(Config)'=='Base' or '$(Base)'!=''">
		<Base>true</Base>
	</PropertyGroup>
	<PropertyGroup Condition="'$(Config)'=='Release' or '$(Cfg_Release)'!=''">
		<Cfg_Release>true</Cfg_Release>
		<CfgParent>Base</CfgParent>
		<Base>true</Base>
	</PropertyGroup>
	<PropertyGroup Condition="'$(Config)'=='Debug' or '$(Cfg_Debug)'!=''">
		<Cfg_Debug>true</Cfg_Debug>
		<CfgParent>Base</CfgParent>
		<Base>true</Base>
	</PropertyGroup>
	<PropertyGroup Condition="'$(Base)'!=''">
		<DCC_Namespace>System;Xml;Data;Datasnap;Web;Soap;Winapi;System.Win;$(DCC_Namespace)</DCC_Namespace>
		<VerInfo_Build>10000</VerInfo_Build>
		<VerInfo_Keys>CompanyName=Devart;FileDescription=;FileVersion=7.0.2.0;InternalName=;LegalCopyright=;LegalTrademarks=;OriginalFilename=;ProductName=Mydac;ProductVersion=7.0.2.0</VerInfo_Keys>
		<VerInfo_IncludeVerInfo>true</VerInfo_IncludeVerInfo>
		<VerInfo_MajorVer>7</VerInfo_MajorVer>
		<VerInfo_Release>2</VerInfo_Release>
		<DCC_CBuilderOutput>All</DCC_CBuilderOutput>
		<DCC_UnitSearchPath>..;..\..\..\Common\Source;..\..\..\Common\Source\Delphi16;$(DCC_UnitSearchPath)</DCC_UnitSearchPath>
		<DCC_ResourcePath>..;..\..\..\Common\Source;..\..\..\Common\Source\Delphi16;$(DCC_ResourcePath)</DCC_ResourcePath>
		<DCC_ObjPath>..;..\..\..\Common\Source;..\..\..\Common\Source\Delphi16;$(DCC_ObjPath)</DCC_ObjPath>
		<DCC_IncludePath>..;..\..\..\Common\Source;..\..\..\Common\Source\Delphi16;$(DCC_IncludePath)</DCC_IncludePath>
		<DCC_DependencyCheckOutputName>mydac160.bpl</DCC_DependencyCheckOutputName>
		<DCC_Description>Devart Data Access Components for MySQL</DCC_Description>
		<DCC_Define>MYDAC;MYBUILDER;$(DCC_Define)</DCC_Define>
		<RuntimeOnlyPackage>true</RuntimeOnlyPackage>
		<GenPackage>true</GenPackage>
		<DCC_OutputNeverBuildDcps>true</DCC_OutputNeverBuildDcps>
		<GenDll>true</GenDll>
	</PropertyGroup>
	<PropertyGroup Condition="'$(Cfg_Release)'!=''">
		<DCC_DebugInformation>False</DCC_DebugInformation>
		<DCC_WriteableConstants>True</DCC_WriteableConstants>
		<DCC_LocalDebugSymbols>False</DCC_LocalDebugSymbols>
		<DCC_SymbolReferenceInfo>0</DCC_SymbolReferenceInfo>
		<DCC_Define>RELEASE;$(DCC_Define)</DCC_Define>
	</PropertyGroup>
	<PropertyGroup Condition="'$(Cfg_Debug)'!=''">
		<DCC_Define>DEBUG;$(DCC_Define)</DCC_Define>
	</PropertyGroup>
	<ItemGroup>
		<DelphiCompile Include="$(MainSource)">
			<MainSource>MainSource</MainSource>
		</DelphiCompile>
		<DCCReference Include="rtl.dcp"/>
		<DCCReference Include="dac160.dcp"/>
		<DCCReference Include="..\MyCall.pas"/>
		<DCCReference Include="..\MyClasses.pas"/>
		<DCCReference Include="..\MyAccess.pas"/>
		<DCCReference Include="..\MyServices.pas"/>
		<DCCReference Include="..\MyConsts.pas"/>
		<DCCReference Include="..\MyEmbConnection.pas"/>
		<DCCReference Include="..\MyParser.pas"/>
		<DCCReference Include="..\MyScript.pas"/>
		<DCCReference Include="..\MyScriptProcessor.pas"/>
		<DCCReference Include="..\MyLoader.pas"/>
		<DCCReference Include="..\MyServerControl.pas"/>
		<DCCReference Include="..\MyDump.pas"/>
		<DCCReference Include="..\MyBackup.pas"/>
		<DCCReference Include="..\MyDacMonitor.pas"/>
		<DCCReference Include="..\MyConnectionPool.pas"/>
		<DCCReference Include="..\MySqlApiDirect.pas"/>
		<DCCReference Include="..\MySqlStmt.pas"/>
		<DCCReference Include="..\MySqlSession.pas"/>
		<DCCReference Include="..\MySqlVioPipe.pas"/>
		<DCCReference Include="..\MySqlResultSet.pas"/>
		<DCCReference Include="..\MySqlNet.pas"/>
		<DCCReference Include="..\MySqlErrors.pas"/>
		<DCCReference Include="..\MySqlBind.pas"/>
		<DCCReference Include="..\MySqlType.pas"/>
		<DCCReference Include="..\MySqlApi.pas"/>
		<BuildConfiguration Include="Release">
			<Key>Cfg_Release</Key>
			<CfgParent>Base</CfgParent>
		</BuildConfiguration>
		<BuildConfiguration Include="Base">
			<Key>Base</Key>
		</BuildConfiguration>
		<BuildConfiguration Include="Debug">
			<Key>Cfg_Debug</Key>
			<CfgParent>Base</CfgParent>
		</BuildConfiguration>
	</ItemGroup>
	<Import Condition="Exists('$(BDS)\Bin\CodeGear.Delphi.Targets')" Project="$(BDS)\Bin\CodeGear.Delphi.Targets"/>
	<ProjectExtensions>
		<Borland.Personality>Delphi.Personality.12</Borland.Personality>
		<Borland.ProjectType>Package</Borland.ProjectType>
		<BorlandProject>
			<Delphi.Personality>
				<Parameters/>
				<VersionInfo>
					<VersionInfo Name="IncludeVerInfo">True</VersionInfo>
					<VersionInfo Name="AutoIncBuild">False</VersionInfo>
					<VersionInfo Name="MajorVer">7</VersionInfo>
					<VersionInfo Name="MinorVer">1</VersionInfo>
					<VersionInfo Name="Release">6</VersionInfo>
					<VersionInfo Name="Build">10000</VersionInfo>
					<VersionInfo Name="Debug">False</VersionInfo>
					<VersionInfo Name="PreRelease">False</VersionInfo>
					<VersionInfo Name="Special">False</VersionInfo>
					<VersionInfo Name="Private">False</VersionInfo>
					<VersionInfo Name="DLL">False</VersionInfo>
				</VersionInfo>
				<VersionInfoKeys>
					<VersionInfoKeys Name="CompanyName">Devart</VersionInfoKeys>
					<VersionInfoKeys Name="FileDescription"/>
					<VersionInfoKeys Name="FileVersion">7.1.6.0</VersionInfoKeys>
					<VersionInfoKeys Name="InternalName"/>
					<VersionInfoKeys Name="LegalCopyright"/>
					<VersionInfoKeys Name="LegalTrademarks"/>
					<VersionInfoKeys Name="OriginalFilename"/>
					<VersionInfoKeys Name="ProductName">Mydac</VersionInfoKeys>
					<VersionInfoKeys Name="ProductVersion">7.1.6.0</VersionInfoKeys>
					<VersionInfoKeys Name="Comments"/>
				</VersionInfoKeys>
				<Source>
					<Source Name="MainSource">mydac160.dpk</Source>
				</Source>
			</Delphi.Personality>
			<Platforms>
				<Platform value="Win64">True</Platform>
				<Platform value="Win32">True</Platform>
				<Platform value="OSX32">True</Platform>
			</Platforms>
		</BorlandProject>
		<ProjectFileVersion>12</ProjectFileVersion>
	</ProjectExtensions>
</Project>
